PODS:
  - Alamofire (4.3.0)
  - AlamofireImage (3.2.0):
    - Alamofire (~> 4.1)
  - Nimble (5.1.1)
  - Quick (1.0.0)
  - RxCocoa (3.1.0):
    - RxSwift (~> 3.1)
  - RxSwift (3.1.0)
  - SnapKit (3.1.2)
  - SwiftyJSON (3.1.4)

DEPENDENCIES:
  - Alamofire (~> 4.3)
  - AlamofireImage (~> 3.1)
  - Nimble
  - Quick
  - RxCocoa (~> 3.0)
  - RxSwift (~> 3.0)
  - SnapKit (~> 3.1.2)
  - SwiftyJSON

SPEC CHECKSUMS:
  Alamofire: 856a113053a7bc9cbe5d6367a555d773fc5cfef7
  AlamofireImage: 157ed682cc81d3b9db4fb90c1f12180ac552d93b
  Nimble: 415e3aa3267e7bc2c96b05fa814ddea7bb686a29
  Quick: 8024e4a47e6cc03a9d5245ef0948264fc6d27cff
  RxCocoa: 50d7564866da9299161e86a263ce12a0873904d8
  RxSwift: 83ff553e7593fdfdcb2562933a64c0284dffdadc
  SnapKit: 12b24f569cb7c143acc9c22b9d91b23e7b1c84a2
  SwiftyJSON: c2842d878f95482ffceec5709abc3d05680c0220

PODFILE CHECKSUM: 2144cae8c75e8874f6a2c65ad02a270a17687517

COCOAPODS: 1.1.1
